{
  "name": "@vistecsol/paperclip-figma-integration",
  "version": "0.1.0-alpha.1",
  "lockfileVersion": 3,
  "requires": true,
  "packages": {
    "": {
      "name": "@vistecsol/paperclip-figma-integration",
      "version": "0.1.0-alpha.1",
      "license": "UNLICENSED",
      "engines": {
        "node": ">=24.11.0"
      }
    }
  }
}
